
Microsoft Visual Studio Solution File, Format Version 12.00
# Visual Studio Version 17
VisualStudioVersion = 17.11.35222.181
MinimumVisualStudioVersion = 10.0.40219.1
Project("{9A19103F-16F7-4668-BE54-9A1E7A4F7556}") = "AppPaiements", "AppPaiements.csproj", "{BB2DEECB-D9FD-4513-BD54-8688FDD5DE6A}"
EndProject
Project("{9A19103F-16F7-4668-BE54-9A1E7A4F7556}") = "AppConsoleLivre", "..\AppConsoleLivre\AppConsoleLivre.csproj", "{74BDC695-5016-4140-8BE0-DCCFFDDA10A6}"
EndProject
Global
	GlobalSection(SolutionConfigurationPlatforms) = preSolution
		Debug|Any CPU = Debug|Any CPU
		Release|Any CPU = Release|Any CPU
	EndGlobalSection
	GlobalSection(ProjectConfigurationPlatforms) = postSolution
		{BB2DEECB-D9FD-4513-BD54-8688FDD5DE6A}.Debug|Any CPU.ActiveCfg = Debug|Any CPU
		{BB2DEECB-D9FD-4513-BD54-8688FDD5DE6A}.Debug|Any CPU.Build.0 = Debug|Any CPU
		{BB2DEECB-D9FD-4513-BD54-8688FDD5DE6A}.Release|Any CPU.ActiveCfg = Release|Any CPU
		{BB2DEECB-D9FD-4513-BD54-8688FDD5DE6A}.Release|Any CPU.Build.0 = Release|Any CPU
		{74BDC695-5016-4140-8BE0-DCCFFDDA10A6}.Debug|Any CPU.ActiveCfg = Debug|Any CPU
		{74BDC695-5016-4140-8BE0-DCCFFDDA10A6}.Debug|Any CPU.Build.0 = Debug|Any CPU
		{74BDC695-5016-4140-8BE0-DCCFFDDA10A6}.Release|Any CPU.ActiveCfg = Release|Any CPU
		{74BDC695-5016-4140-8BE0-DCCFFDDA10A6}.Release|Any CPU.Build.0 = Release|Any CPU
	EndGlobalSection
	GlobalSection(SolutionProperties) = preSolution
		HideSolutionNode = FALSE
	EndGlobalSection
	GlobalSection(ExtensibilityGlobals) = postSolution
		SolutionGuid = {5499F44E-655E-4569-B993-2147EDFE54A4}
	EndGlobalSection
EndGlobal
